// !$*UTF8*$!
{
	archiveVersion = 1;
	classes = {
	};
	objectVersion = 46;
	objects = {

/* Begin PBXBuildFile section */
		0BD76F1AD8E8AAF39E25A283 /* Pods_Tinylog.framework in Frameworks */ = {isa = PBXBuildFile; fileRef = 7B28E3FF08E874E8FBA997B9 /* Pods_Tinylog.framework */; };
		56186EAD1BD417B6001B7EF3 /* TLITagsViewController.swift in Sources */ = {isa = PBXBuildFile; fileRef = 56186EAC1BD417B6001B7EF3 /* TLITagsViewController.swift */; settings = {ASSET_TAGS = (); }; };
		56186EB01BD41CE5001B7EF3 /* TLIMentionsViewController.swift in Sources */ = {isa = PBXBuildFile; fileRef = 56186EAF1BD41CE5001B7EF3 /* TLIMentionsViewController.swift */; settings = {ASSET_TAGS = (); }; };
		56186EB41BD42329001B7EF3 /* beep-xylo.aif in Resources */ = {isa = PBXBuildFile; fileRef = 56186EB31BD42329001B7EF3 /* beep-xylo.aif */; settings = {ASSET_TAGS = (); }; };
		563B79461BD381C800EE86CD /* UIFont+TinylogiOSAdditions.swift in Sources */ = {isa = PBXBuildFile; fileRef = 563B79451BD381C800EE86CD /* UIFont+TinylogiOSAdditions.swift */; settings = {ASSET_TAGS = (); }; };
		563B79491BD388C000EE86CD /* TLIGroupedTableViewController.swift in Sources */ = {isa = PBXBuildFile; fileRef = 563B79481BD388C000EE86CD /* TLIGroupedTableViewController.swift */; settings = {ASSET_TAGS = (); }; };
		563B794B1BD388EA00EE86CD /* TLISettingsFontPickerViewController.swift in Sources */ = {isa = PBXBuildFile; fileRef = 563B794A1BD388EA00EE86CD /* TLISettingsFontPickerViewController.swift */; settings = {ASSET_TAGS = (); }; };
		563B794D1BD38A7100EE86CD /* TLISettingsTableViewController.swift in Sources */ = {isa = PBXBuildFile; fileRef = 563B794C1BD38A7100EE86CD /* TLISettingsTableViewController.swift */; settings = {ASSET_TAGS = (); }; };
		563B79501BD38BB000EE86CD /* TLIGroupedTableViewCell.swift in Sources */ = {isa = PBXBuildFile; fileRef = 563B794F1BD38BB000EE86CD /* TLIGroupedTableViewCell.swift */; settings = {ASSET_TAGS = (); }; };
		563B79521BD38D7100EE86CD /* TLITextSizeViewController.swift in Sources */ = {isa = PBXBuildFile; fileRef = 563B79511BD38D7100EE86CD /* TLITextSizeViewController.swift */; settings = {ASSET_TAGS = (); }; };
		563B79561BD38DD200EE86CD /* StepSliderControl.m in Sources */ = {isa = PBXBuildFile; fileRef = 563B79551BD38DD200EE86CD /* StepSliderControl.m */; settings = {ASSET_TAGS = (); }; };
		563B795A1BD38E2B00EE86CD /* TLIDeviceInfo.m in Sources */ = {isa = PBXBuildFile; fileRef = 563B79591BD38E2B00EE86CD /* TLIDeviceInfo.m */; settings = {ASSET_TAGS = (); }; };
		563B795C1BD38E7000EE86CD /* TLIHelpTableViewController.swift in Sources */ = {isa = PBXBuildFile; fileRef = 563B795B1BD38E7000EE86CD /* TLIHelpTableViewController.swift */; settings = {ASSET_TAGS = (); }; };
		563B795E1BD38EAD00EE86CD /* TLITableViewCell.swift in Sources */ = {isa = PBXBuildFile; fileRef = 563B795D1BD38EAD00EE86CD /* TLITableViewCell.swift */; settings = {ASSET_TAGS = (); }; };
		563B79611BD38EF400EE86CD /* TLITextField.m in Sources */ = {isa = PBXBuildFile; fileRef = 563B79601BD38EF400EE86CD /* TLITextField.m */; settings = {ASSET_TAGS = (); }; };
		563B79631BD38F3400EE86CD /* TLIHelpTableViewCell.swift in Sources */ = {isa = PBXBuildFile; fileRef = 563B79621BD38F3400EE86CD /* TLIHelpTableViewCell.swift */; settings = {ASSET_TAGS = (); }; };
		563B79651BD3905500EE86CD /* TLIAboutViewController.swift in Sources */ = {isa = PBXBuildFile; fileRef = 563B79641BD3905500EE86CD /* TLIAboutViewController.swift */; settings = {ASSET_TAGS = (); }; };
		563B79681BD392DC00EE86CD /* TLIDrawingUtils.m in Sources */ = {isa = PBXBuildFile; fileRef = 563B79671BD392DC00EE86CD /* TLIDrawingUtils.m */; settings = {ASSET_TAGS = (); }; };
		563B796A1BD393AE00EE86CD /* TLIAddListViewController.swift in Sources */ = {isa = PBXBuildFile; fileRef = 563B79691BD393AE00EE86CD /* TLIAddListViewController.swift */; settings = {ASSET_TAGS = (); }; };
		563B796C1BD393D600EE86CD /* TLIMenuColorsView.swift in Sources */ = {isa = PBXBuildFile; fileRef = 563B796B1BD393D600EE86CD /* TLIMenuColorsView.swift */; settings = {ASSET_TAGS = (); }; };
		563B796E1BD3943700EE86CD /* TLICircleButton.swift in Sources */ = {isa = PBXBuildFile; fileRef = 563B796D1BD3943700EE86CD /* TLICircleButton.swift */; settings = {ASSET_TAGS = (); }; };
		563B79711BD3948700EE86CD /* TLITextFieldCellDelegate.swift in Sources */ = {isa = PBXBuildFile; fileRef = 563B79701BD3948700EE86CD /* TLITextFieldCellDelegate.swift */; settings = {ASSET_TAGS = (); }; };
		563B79731BD3949800EE86CD /* TLIAddTaskViewDelegate.swift in Sources */ = {isa = PBXBuildFile; fileRef = 563B79721BD3949800EE86CD /* TLIAddTaskViewDelegate.swift */; settings = {ASSET_TAGS = (); }; };
		563B79751BD394AB00EE86CD /* TLIAddListViewControllerDelegate.swift in Sources */ = {isa = PBXBuildFile; fileRef = 563B79741BD394AB00EE86CD /* TLIAddListViewControllerDelegate.swift */; settings = {ASSET_TAGS = (); }; };
		563B79771BD394BB00EE86CD /* TLIEditTaskViewControllerDelegate.swift in Sources */ = {isa = PBXBuildFile; fileRef = 563B79761BD394BB00EE86CD /* TLIEditTaskViewControllerDelegate.swift */; settings = {ASSET_TAGS = (); }; };
		563B79791BD394D900EE86CD /* TLIAddTaskView.swift in Sources */ = {isa = PBXBuildFile; fileRef = 563B79781BD394D900EE86CD /* TLIAddTaskView.swift */; settings = {ASSET_TAGS = (); }; };
		563B797B1BD3952800EE86CD /* TLITagsView.swift in Sources */ = {isa = PBXBuildFile; fileRef = 563B797A1BD3952800EE86CD /* TLITagsView.swift */; settings = {ASSET_TAGS = (); }; };
		563B797D1BD3957300EE86CD /* TLIEditTaskViewController.swift in Sources */ = {isa = PBXBuildFile; fileRef = 563B797C1BD3957300EE86CD /* TLIEditTaskViewController.swift */; settings = {ASSET_TAGS = (); }; };
		563B797F1BD3960400EE86CD /* TLICloseButton.swift in Sources */ = {isa = PBXBuildFile; fileRef = 563B797E1BD3960400EE86CD /* TLICloseButton.swift */; settings = {ASSET_TAGS = (); }; };
		563B79821BD3963E00EE86CD /* TLIKeyboardBar.swift in Sources */ = {isa = PBXBuildFile; fileRef = 563B79811BD3963E00EE86CD /* TLIKeyboardBar.swift */; settings = {ASSET_TAGS = (); }; };
		563B79841BD3970900EE86CD /* TLITextFieldCell.swift in Sources */ = {isa = PBXBuildFile; fileRef = 563B79831BD3970900EE86CD /* TLITextFieldCell.swift */; settings = {ASSET_TAGS = (); }; };
		563B79861BD39A7000EE86CD /* String+TinylogiOSAdditions.swift in Sources */ = {isa = PBXBuildFile; fileRef = 563B79851BD39A7000EE86CD /* String+TinylogiOSAdditions.swift */; settings = {ASSET_TAGS = (); }; };
		564CE8A71BD0E39C008C055C /* Assets.xcassets in Resources */ = {isa = PBXBuildFile; fileRef = 564CE8A61BD0E39C008C055C /* Assets.xcassets */; };
		564CE8B51BD0E39C008C055C /* TinylogTests.swift in Sources */ = {isa = PBXBuildFile; fileRef = 564CE8B41BD0E39C008C055C /* TinylogTests.swift */; };
		568B369E1BD22A240011A745 /* TLIList+CoreDataProperties.swift in Sources */ = {isa = PBXBuildFile; fileRef = 568B369C1BD22A240011A745 /* TLIList+CoreDataProperties.swift */; settings = {ASSET_TAGS = (); }; };
		568B369F1BD22A240011A745 /* TLIList.swift in Sources */ = {isa = PBXBuildFile; fileRef = 568B369D1BD22A240011A745 /* TLIList.swift */; settings = {ASSET_TAGS = (); }; };
		568B36A21BD22AC90011A745 /* TLITask+CoreDataProperties.swift in Sources */ = {isa = PBXBuildFile; fileRef = 568B36A01BD22AC90011A745 /* TLITask+CoreDataProperties.swift */; settings = {ASSET_TAGS = (); }; };
		568B36A31BD22AC90011A745 /* TLITask.swift in Sources */ = {isa = PBXBuildFile; fileRef = 568B36A11BD22AC90011A745 /* TLITask.swift */; settings = {ASSET_TAGS = (); }; };
		568B36A61BD22AEF0011A745 /* TLITag+CoreDataProperties.swift in Sources */ = {isa = PBXBuildFile; fileRef = 568B36A41BD22AEF0011A745 /* TLITag+CoreDataProperties.swift */; settings = {ASSET_TAGS = (); }; };
		568B36A71BD22AEF0011A745 /* TLITag.swift in Sources */ = {isa = PBXBuildFile; fileRef = 568B36A51BD22AEF0011A745 /* TLITag.swift */; settings = {ASSET_TAGS = (); }; };
		568B36AA1BD22B080011A745 /* TLIMention+CoreDataProperties.swift in Sources */ = {isa = PBXBuildFile; fileRef = 568B36A81BD22B080011A745 /* TLIMention+CoreDataProperties.swift */; settings = {ASSET_TAGS = (); }; };
		568B36AB1BD22B080011A745 /* TLIMention.swift in Sources */ = {isa = PBXBuildFile; fileRef = 568B36A91BD22B080011A745 /* TLIMention.swift */; settings = {ASSET_TAGS = (); }; };
		568B36AE1BD22B230011A745 /* TLINotification+CoreDataProperties.swift in Sources */ = {isa = PBXBuildFile; fileRef = 568B36AC1BD22B230011A745 /* TLINotification+CoreDataProperties.swift */; settings = {ASSET_TAGS = (); }; };
		568B36AF1BD22B230011A745 /* TLINotification.swift in Sources */ = {isa = PBXBuildFile; fileRef = 568B36AD1BD22B230011A745 /* TLINotification.swift */; settings = {ASSET_TAGS = (); }; };
		568B36B21BD22FC90011A745 /* TLISetupViewController.swift in Sources */ = {isa = PBXBuildFile; fileRef = 568B36B11BD22FC90011A745 /* TLISetupViewController.swift */; settings = {ASSET_TAGS = (); }; };
		568B36B51BD230720011A745 /* UIColor+TinylogiOSAdditions.swift in Sources */ = {isa = PBXBuildFile; fileRef = 568B36B41BD230720011A745 /* UIColor+TinylogiOSAdditions.swift */; settings = {ASSET_TAGS = (); }; };
		568B36BA1BD231610011A745 /* TLIRoundedButton.swift in Sources */ = {isa = PBXBuildFile; fileRef = 568B36B91BD231610011A745 /* TLIRoundedButton.swift */; settings = {ASSET_TAGS = (); }; };
		568B36BC1BD232360011A745 /* TLIConstants.swift in Sources */ = {isa = PBXBuildFile; fileRef = 568B36BB1BD232360011A745 /* TLIConstants.swift */; settings = {ASSET_TAGS = (); }; };
		568B36BE1BD233A30011A745 /* TLIAnalyticsTracker.swift in Sources */ = {isa = PBXBuildFile; fileRef = 568B36BD1BD233A30011A745 /* TLIAnalyticsTracker.swift */; settings = {ASSET_TAGS = (); }; };
		568B36C01BD262A40011A745 /* TLICoreDataTableViewController.swift in Sources */ = {isa = PBXBuildFile; fileRef = 568B36BF1BD262A40011A745 /* TLICoreDataTableViewController.swift */; settings = {ASSET_TAGS = (); }; };
		568B36C61BD266010011A745 /* TLIListsViewController.swift in Sources */ = {isa = PBXBuildFile; fileRef = 568B36C51BD266010011A745 /* TLIListsViewController.swift */; settings = {ASSET_TAGS = (); }; };
		56B275791BD558D3000BE396 /* NSDate+Utilities.m in Sources */ = {isa = PBXBuildFile; fileRef = 56B275781BD558D3000BE396 /* NSDate+Utilities.m */; settings = {ASSET_TAGS = (); }; };
		56D4E6351BD39D2300852DC1 /* TLIReminderViewController.swift in Sources */ = {isa = PBXBuildFile; fileRef = 56D4E6341BD39D2300852DC1 /* TLIReminderViewController.swift */; settings = {ASSET_TAGS = (); }; };
		56D4E63B1BD39E9F00852DC1 /* TLIListsFooterView.swift in Sources */ = {isa = PBXBuildFile; fileRef = 56D4E63A1BD39E9F00852DC1 /* TLIListsFooterView.swift */; settings = {ASSET_TAGS = (); }; };
		56D4E63D1BD39EC600852DC1 /* TLIAddListButton.swift in Sources */ = {isa = PBXBuildFile; fileRef = 56D4E63C1BD39EC600852DC1 /* TLIAddListButton.swift */; settings = {ASSET_TAGS = (); }; };
		56D4E63F1BD39EE100852DC1 /* TLIArchiveButton.swift in Sources */ = {isa = PBXBuildFile; fileRef = 56D4E63E1BD39EE100852DC1 /* TLIArchiveButton.swift */; settings = {ASSET_TAGS = (); }; };
		56D4E6411BD39F0E00852DC1 /* TLIResultsTableViewController.swift in Sources */ = {isa = PBXBuildFile; fileRef = 56D4E6401BD39F0E00852DC1 /* TLIResultsTableViewController.swift */; settings = {ASSET_TAGS = (); }; };
		56D4E6431BD39F2B00852DC1 /* TLIListTableViewCell.swift in Sources */ = {isa = PBXBuildFile; fileRef = 56D4E6421BD39F2B00852DC1 /* TLIListTableViewCell.swift */; settings = {ASSET_TAGS = (); }; };
		56D4E6451BD39FBE00852DC1 /* TLICheckBoxButton.swift in Sources */ = {isa = PBXBuildFile; fileRef = 56D4E6441BD39FBE00852DC1 /* TLICheckBoxButton.swift */; settings = {ASSET_TAGS = (); }; };
		56D4E6471BD39FDE00852DC1 /* TLITouchableView.swift in Sources */ = {isa = PBXBuildFile; fileRef = 56D4E6461BD39FDE00852DC1 /* TLITouchableView.swift */; settings = {ASSET_TAGS = (); }; };
		56D4E64A1BD3A2A400852DC1 /* TLIArchiveViewController.swift in Sources */ = {isa = PBXBuildFile; fileRef = 56D4E6491BD3A2A400852DC1 /* TLIArchiveViewController.swift */; settings = {ASSET_TAGS = (); }; };
		56D4E64D1BD3A46D00852DC1 /* TLISplitViewController.swift in Sources */ = {isa = PBXBuildFile; fileRef = 56D4E64C1BD3A46D00852DC1 /* TLISplitViewController.swift */; settings = {ASSET_TAGS = (); }; };
		56D4E64F1BD3A48700852DC1 /* TLITasksViewController.swift in Sources */ = {isa = PBXBuildFile; fileRef = 56D4E64E1BD3A48700852DC1 /* TLITasksViewController.swift */; settings = {ASSET_TAGS = (); }; };
		56D4E6511BD3A4D600852DC1 /* TLITaskTableViewCell.swift in Sources */ = {isa = PBXBuildFile; fileRef = 56D4E6501BD3A4D600852DC1 /* TLITaskTableViewCell.swift */; settings = {ASSET_TAGS = (); }; };
		56D4E6531BD3AB2A00852DC1 /* UIImage+TinylogiOSAdditions.swift in Sources */ = {isa = PBXBuildFile; fileRef = 56D4E6521BD3AB2A00852DC1 /* UIImage+TinylogiOSAdditions.swift */; settings = {ASSET_TAGS = (); }; };
		56D4E6551BD3AC7200852DC1 /* TLITasksFooterView.swift in Sources */ = {isa = PBXBuildFile; fileRef = 56D4E6541BD3AC7200852DC1 /* TLITasksFooterView.swift */; settings = {ASSET_TAGS = (); }; };
		56D4E6571BD3AC9200852DC1 /* TLIExportTasksButton.swift in Sources */ = {isa = PBXBuildFile; fileRef = 56D4E6561BD3AC9200852DC1 /* TLIExportTasksButton.swift */; settings = {ASSET_TAGS = (); }; };
		56D4E6591BD3B02C00852DC1 /* TLIReminderTaskTableViewCell.swift in Sources */ = {isa = PBXBuildFile; fileRef = 56D4E6581BD3B02C00852DC1 /* TLIReminderTaskTableViewCell.swift */; settings = {ASSET_TAGS = (); }; };
		56D4E65B1BD3B46100852DC1 /* TLIArchiveTasksViewController.swift in Sources */ = {isa = PBXBuildFile; fileRef = 56D4E65A1BD3B46100852DC1 /* TLIArchiveTasksViewController.swift */; settings = {ASSET_TAGS = (); }; };
		56ED18E81BD12DB400672D86 /* Tinylog.xcdatamodeld in Sources */ = {isa = PBXBuildFile; fileRef = 56ED18E11BD12DB400672D86 /* Tinylog.xcdatamodeld */; settings = {ASSET_TAGS = (); }; };
		56ED18F51BD133B000672D86 /* TLIAppDelegate.swift in Sources */ = {isa = PBXBuildFile; fileRef = 56ED18F41BD133B000672D86 /* TLIAppDelegate.swift */; settings = {ASSET_TAGS = (); }; };
		56ED19021BD138E300672D86 /* TLISyncManager.m in Sources */ = {isa = PBXBuildFile; fileRef = 56ED19011BD138E300672D86 /* TLISyncManager.m */; settings = {ASSET_TAGS = (); }; };
		56ED19041BD13A2C00672D86 /* TLICDController.swift in Sources */ = {isa = PBXBuildFile; fileRef = 56ED19031BD13A2C00672D86 /* TLICDController.swift */; settings = {ASSET_TAGS = (); }; };
		56F058671BD7CC5800B67412 /* SGTextField.swift in Sources */ = {isa = PBXBuildFile; fileRef = 56F058661BD7CC5800B67412 /* SGTextField.swift */; settings = {ASSET_TAGS = (); }; };
		6BE5BC2A5E5851AE0CADC4DB /* Pods_TinylogTests.framework in Frameworks */ = {isa = PBXBuildFile; fileRef = B8F271783A81E5BBE0791D9D /* Pods_TinylogTests.framework */; };
/* End PBXBuildFile section */

/* Begin PBXContainerItemProxy section */
		564CE8B11BD0E39C008C055C /* PBXContainerItemProxy */ = {
			isa = PBXContainerItemProxy;
			containerPortal = 564CE8941BD0E39B008C055C /* Project object */;
			proxyType = 1;
			remoteGlobalIDString = 564CE89B1BD0E39B008C055C;
			remoteInfo = Tinylog;
		};
/* End PBXContainerItemProxy section */

/* Begin PBXFileReference section */
		1E9C5726D127EF64377DF523 /* Pods-Tinylog.debug.xcconfig */ = {isa = PBXFileReference; includeInIndex = 1; lastKnownFileType = text.xcconfig; name = "Pods-Tinylog.debug.xcconfig"; path = "Pods/Target Support Files/Pods-Tinylog/Pods-Tinylog.debug.xcconfig"; sourceTree = "<group>"; };
		23A0808EE7B649C91435C8E7 /* Pods-Tinylog.release.xcconfig */ = {isa = PBXFileReference; includeInIndex = 1; lastKnownFileType = text.xcconfig; name = "Pods-Tinylog.release.xcconfig"; path = "Pods/Target Support Files/Pods-Tinylog/Pods-Tinylog.release.xcconfig"; sourceTree = "<group>"; };
		242F8901CEF3398A5561C510 /* Pods-TinylogTests.release.xcconfig */ = {isa = PBXFileReference; includeInIndex = 1; lastKnownFileType = text.xcconfig; name = "Pods-TinylogTests.release.xcconfig"; path = "Pods/Target Support Files/Pods-TinylogTests/Pods-TinylogTests.release.xcconfig"; sourceTree = "<group>"; };
		5025D22A19B8119D39BB9C70 /* Pods-TinylogTests.debug.xcconfig */ = {isa = PBXFileReference; includeInIndex = 1; lastKnownFileType = text.xcconfig; name = "Pods-TinylogTests.debug.xcconfig"; path = "Pods/Target Support Files/Pods-TinylogTests/Pods-TinylogTests.debug.xcconfig"; sourceTree = "<group>"; };
		56186EAC1BD417B6001B7EF3 /* TLITagsViewController.swift */ = {isa = PBXFileReference; fileEncoding = 4; lastKnownFileType = sourcecode.swift; path = TLITagsViewController.swift; sourceTree = "<group>"; };
		56186EAF1BD41CE5001B7EF3 /* TLIMentionsViewController.swift */ = {isa = PBXFileReference; fileEncoding = 4; lastKnownFileType = sourcecode.swift; path = TLIMentionsViewController.swift; sourceTree = "<group>"; };
		56186EB31BD42329001B7EF3 /* beep-xylo.aif */ = {isa = PBXFileReference; lastKnownFileType = file; path = "beep-xylo.aif"; sourceTree = "<group>"; };
		563B79451BD381C800EE86CD /* UIFont+TinylogiOSAdditions.swift */ = {isa = PBXFileReference; fileEncoding = 4; lastKnownFileType = sourcecode.swift; path = "UIFont+TinylogiOSAdditions.swift"; sourceTree = "<group>"; };
		563B79481BD388C000EE86CD /* TLIGroupedTableViewController.swift */ = {isa = PBXFileReference; fileEncoding = 4; lastKnownFileType = sourcecode.swift; path = TLIGroupedTableViewController.swift; sourceTree = "<group>"; };
		563B794A1BD388EA00EE86CD /* TLISettingsFontPickerViewController.swift */ = {isa = PBXFileReference; fileEncoding = 4; lastKnownFileType = sourcecode.swift; path = TLISettingsFontPickerViewController.swift; sourceTree = "<group>"; };
		563B794C1BD38A7100EE86CD /* TLISettingsTableViewController.swift */ = {isa = PBXFileReference; fileEncoding = 4; lastKnownFileType = sourcecode.swift; path = TLISettingsTableViewController.swift; sourceTree = "<group>"; };
		563B794F1BD38BB000EE86CD /* TLIGroupedTableViewCell.swift */ = {isa = PBXFileReference; fileEncoding = 4; lastKnownFileType = sourcecode.swift; path = TLIGroupedTableViewCell.swift; sourceTree = "<group>"; };
		563B79511BD38D7100EE86CD /* TLITextSizeViewController.swift */ = {isa = PBXFileReference; fileEncoding = 4; lastKnownFileType = sourcecode.swift; path = TLITextSizeViewController.swift; sourceTree = "<group>"; };
		563B79541BD38DD200EE86CD /* StepSliderControl.h */ = {isa = PBXFileReference; fileEncoding = 4; lastKnownFileType = sourcecode.c.h; path = StepSliderControl.h; sourceTree = "<group>"; };
		563B79551BD38DD200EE86CD /* StepSliderControl.m */ = {isa = PBXFileReference; fileEncoding = 4; lastKnownFileType = sourcecode.c.objc; path = StepSliderControl.m; sourceTree = "<group>"; };
		563B79581BD38E2B00EE86CD /* TLIDeviceInfo.h */ = {isa = PBXFileReference; fileEncoding = 4; lastKnownFileType = sourcecode.c.h; path = TLIDeviceInfo.h; sourceTree = "<group>"; };
		563B79591BD38E2B00EE86CD /* TLIDeviceInfo.m */ = {isa = PBXFileReference; fileEncoding = 4; lastKnownFileType = sourcecode.c.objc; path = TLIDeviceInfo.m; sourceTree = "<group>"; };
		563B795B1BD38E7000EE86CD /* TLIHelpTableViewController.swift */ = {isa = PBXFileReference; fileEncoding = 4; lastKnownFileType = sourcecode.swift; path = TLIHelpTableViewController.swift; sourceTree = "<group>"; };
		563B795D1BD38EAD00EE86CD /* TLITableViewCell.swift */ = {isa = PBXFileReference; fileEncoding = 4; lastKnownFileType = sourcecode.swift; path = TLITableViewCell.swift; sourceTree = "<group>"; };
		563B795F1BD38EF400EE86CD /* TLITextField.h */ = {isa = PBXFileReference; fileEncoding = 4; lastKnownFileType = sourcecode.c.h; path = TLITextField.h; sourceTree = "<group>"; };
		563B79601BD38EF400EE86CD /* TLITextField.m */ = {isa = PBXFileReference; fileEncoding = 4; lastKnownFileType = sourcecode.c.objc; path = TLITextField.m; sourceTree = "<group>"; };
		563B79621BD38F3400EE86CD /* TLIHelpTableViewCell.swift */ = {isa = PBXFileReference; fileEncoding = 4; lastKnownFileType = sourcecode.swift; path = TLIHelpTableViewCell.swift; sourceTree = "<group>"; };
		563B79641BD3905500EE86CD /* TLIAboutViewController.swift */ = {isa = PBXFileReference; fileEncoding = 4; lastKnownFileType = sourcecode.swift; path = TLIAboutViewController.swift; sourceTree = "<group>"; };
		563B79661BD392DC00EE86CD /* TLIDrawingUtils.h */ = {isa = PBXFileReference; fileEncoding = 4; lastKnownFileType = sourcecode.c.h; path = TLIDrawingUtils.h; sourceTree = "<group>"; };
		563B79671BD392DC00EE86CD /* TLIDrawingUtils.m */ = {isa = PBXFileReference; fileEncoding = 4; lastKnownFileType = sourcecode.c.objc; path = TLIDrawingUtils.m; sourceTree = "<group>"; };
		563B79691BD393AE00EE86CD /* TLIAddListViewController.swift */ = {isa = PBXFileReference; fileEncoding = 4; lastKnownFileType = sourcecode.swift; path = TLIAddListViewController.swift; sourceTree = "<group>"; };
		563B796B1BD393D600EE86CD /* TLIMenuColorsView.swift */ = {isa = PBXFileReference; fileEncoding = 4; lastKnownFileType = sourcecode.swift; path = TLIMenuColorsView.swift; sourceTree = "<group>"; };
		563B796D1BD3943700EE86CD /* TLICircleButton.swift */ = {isa = PBXFileReference; fileEncoding = 4; lastKnownFileType = sourcecode.swift; path = TLICircleButton.swift; sourceTree = "<group>"; };
		563B79701BD3948700EE86CD /* TLITextFieldCellDelegate.swift */ = {isa = PBXFileReference; fileEncoding = 4; lastKnownFileType = sourcecode.swift; path = TLITextFieldCellDelegate.swift; sourceTree = "<group>"; };
		563B79721BD3949800EE86CD /* TLIAddTaskViewDelegate.swift */ = {isa = PBXFileReference; fileEncoding = 4; lastKnownFileType = sourcecode.swift; path = TLIAddTaskViewDelegate.swift; sourceTree = "<group>"; };
		563B79741BD394AB00EE86CD /* TLIAddListViewControllerDelegate.swift */ = {isa = PBXFileReference; fileEncoding = 4; lastKnownFileType = sourcecode.swift; path = TLIAddListViewControllerDelegate.swift; sourceTree = "<group>"; };
		563B79761BD394BB00EE86CD /* TLIEditTaskViewControllerDelegate.swift */ = {isa = PBXFileReference; fileEncoding = 4; lastKnownFileType = sourcecode.swift; path = TLIEditTaskViewControllerDelegate.swift; sourceTree = "<group>"; };
		563B79781BD394D900EE86CD /* TLIAddTaskView.swift */ = {isa = PBXFileReference; fileEncoding = 4; lastKnownFileType = sourcecode.swift; path = TLIAddTaskView.swift; sourceTree = "<group>"; };
		563B797A1BD3952800EE86CD /* TLITagsView.swift */ = {isa = PBXFileReference; fileEncoding = 4; lastKnownFileType = sourcecode.swift; path = TLITagsView.swift; sourceTree = "<group>"; };
		563B797C1BD3957300EE86CD /* TLIEditTaskViewController.swift */ = {isa = PBXFileReference; fileEncoding = 4; lastKnownFileType = sourcecode.swift; path = TLIEditTaskViewController.swift; sourceTree = "<group>"; };
		563B797E1BD3960400EE86CD /* TLICloseButton.swift */ = {isa = PBXFileReference; fileEncoding = 4; lastKnownFileType = sourcecode.swift; path = TLICloseButton.swift; sourceTree = "<group>"; };
		563B79811BD3963E00EE86CD /* TLIKeyboardBar.swift */ = {isa = PBXFileReference; fileEncoding = 4; lastKnownFileType = sourcecode.swift; path = TLIKeyboardBar.swift; sourceTree = "<group>"; };
		563B79831BD3970900EE86CD /* TLITextFieldCell.swift */ = {isa = PBXFileReference; fileEncoding = 4; lastKnownFileType = sourcecode.swift; path = TLITextFieldCell.swift; sourceTree = "<group>"; };
		563B79851BD39A7000EE86CD /* String+TinylogiOSAdditions.swift */ = {isa = PBXFileReference; fileEncoding = 4; lastKnownFileType = sourcecode.swift; path = "String+TinylogiOSAdditions.swift"; sourceTree = "<group>"; };
		564CE89C1BD0E39B008C055C /* Tinylog.app */ = {isa = PBXFileReference; explicitFileType = wrapper.application; includeInIndex = 0; path = Tinylog.app; sourceTree = BUILT_PRODUCTS_DIR; };
		564CE8A61BD0E39C008C055C /* Assets.xcassets */ = {isa = PBXFileReference; lastKnownFileType = folder.assetcatalog; path = Assets.xcassets; sourceTree = "<group>"; };
		564CE8AB1BD0E39C008C055C /* Info.plist */ = {isa = PBXFileReference; lastKnownFileType = text.plist.xml; path = Info.plist; sourceTree = "<group>"; };
		564CE8B01BD0E39C008C055C /* TinylogTests.xctest */ = {isa = PBXFileReference; explicitFileType = wrapper.cfbundle; includeInIndex = 0; path = TinylogTests.xctest; sourceTree = BUILT_PRODUCTS_DIR; };
		564CE8B41BD0E39C008C055C /* TinylogTests.swift */ = {isa = PBXFileReference; lastKnownFileType = sourcecode.swift; path = TinylogTests.swift; sourceTree = "<group>"; };
		564CE8B61BD0E39C008C055C /* Info.plist */ = {isa = PBXFileReference; lastKnownFileType = text.plist.xml; path = Info.plist; sourceTree = "<group>"; };
		568B369B1BD229860011A745 /* Tinylog.entitlements */ = {isa = PBXFileReference; lastKnownFileType = text.xml; path = Tinylog.entitlements; sourceTree = "<group>"; };
		568B369C1BD22A240011A745 /* TLIList+CoreDataProperties.swift */ = {isa = PBXFileReference; fileEncoding = 4; lastKnownFileType = sourcecode.swift; path = "TLIList+CoreDataProperties.swift"; sourceTree = "<group>"; };
		568B369D1BD22A240011A745 /* TLIList.swift */ = {isa = PBXFileReference; fileEncoding = 4; lastKnownFileType = sourcecode.swift; path = TLIList.swift; sourceTree = "<group>"; };
		568B36A01BD22AC90011A745 /* TLITask+CoreDataProperties.swift */ = {isa = PBXFileReference; fileEncoding = 4; lastKnownFileType = sourcecode.swift; path = "TLITask+CoreDataProperties.swift"; sourceTree = "<group>"; };
		568B36A11BD22AC90011A745 /* TLITask.swift */ = {isa = PBXFileReference; fileEncoding = 4; lastKnownFileType = sourcecode.swift; path = TLITask.swift; sourceTree = "<group>"; };
		568B36A41BD22AEF0011A745 /* TLITag+CoreDataProperties.swift */ = {isa = PBXFileReference; fileEncoding = 4; lastKnownFileType = sourcecode.swift; path = "TLITag+CoreDataProperties.swift"; sourceTree = "<group>"; };
		568B36A51BD22AEF0011A745 /* TLITag.swift */ = {isa = PBXFileReference; fileEncoding = 4; lastKnownFileType = sourcecode.swift; path = TLITag.swift; sourceTree = "<group>"; };
		568B36A81BD22B080011A745 /* TLIMention+CoreDataProperties.swift */ = {isa = PBXFileReference; fileEncoding = 4; lastKnownFileType = sourcecode.swift; path = "TLIMention+CoreDataProperties.swift"; sourceTree = "<group>"; };
		568B36A91BD22B080011A745 /* TLIMention.swift */ = {isa = PBXFileReference; fileEncoding = 4; lastKnownFileType = sourcecode.swift; path = TLIMention.swift; sourceTree = "<group>"; };
		568B36AC1BD22B230011A745 /* TLINotification+CoreDataProperties.swift */ = {isa = PBXFileReference; fileEncoding = 4; lastKnownFileType = sourcecode.swift; path = "TLINotification+CoreDataProperties.swift"; sourceTree = "<group>"; };
		568B36AD1BD22B230011A745 /* TLINotification.swift */ = {isa = PBXFileReference; fileEncoding = 4; lastKnownFileType = sourcecode.swift; path = TLINotification.swift; sourceTree = "<group>"; };
		568B36B11BD22FC90011A745 /* TLISetupViewController.swift */ = {isa = PBXFileReference; fileEncoding = 4; lastKnownFileType = sourcecode.swift; path = TLISetupViewController.swift; sourceTree = "<group>"; };
		568B36B41BD230720011A745 /* UIColor+TinylogiOSAdditions.swift */ = {isa = PBXFileReference; fileEncoding = 4; lastKnownFileType = sourcecode.swift; path = "UIColor+TinylogiOSAdditions.swift"; sourceTree = "<group>"; };
		568B36B91BD231610011A745 /* TLIRoundedButton.swift */ = {isa = PBXFileReference; fileEncoding = 4; lastKnownFileType = sourcecode.swift; path = TLIRoundedButton.swift; sourceTree = "<group>"; };
		568B36BB1BD232360011A745 /* TLIConstants.swift */ = {isa = PBXFileReference; fileEncoding = 4; lastKnownFileType = sourcecode.swift; path = TLIConstants.swift; sourceTree = "<group>"; };
		568B36BD1BD233A30011A745 /* TLIAnalyticsTracker.swift */ = {isa = PBXFileReference; fileEncoding = 4; lastKnownFileType = sourcecode.swift; path = TLIAnalyticsTracker.swift; sourceTree = "<group>"; };
		568B36BF1BD262A40011A745 /* TLICoreDataTableViewController.swift */ = {isa = PBXFileReference; fileEncoding = 4; lastKnownFileType = sourcecode.swift; name = TLICoreDataTableViewController.swift; path = "Core Data/TLICoreDataTableViewController.swift"; sourceTree = "<group>"; };
		568B36C51BD266010011A745 /* TLIListsViewController.swift */ = {isa = PBXFileReference; fileEncoding = 4; lastKnownFileType = sourcecode.swift; path = TLIListsViewController.swift; sourceTree = "<group>"; };
		56B275771BD558D3000BE396 /* NSDate+Utilities.h */ = {isa = PBXFileReference; fileEncoding = 4; lastKnownFileType = sourcecode.c.h; path = "NSDate+Utilities.h"; sourceTree = "<group>"; };
		56B275781BD558D3000BE396 /* NSDate+Utilities.m */ = {isa = PBXFileReference; fileEncoding = 4; lastKnownFileType = sourcecode.c.objc; path = "NSDate+Utilities.m"; sourceTree = "<group>"; };
		56D4E6341BD39D2300852DC1 /* TLIReminderViewController.swift */ = {isa = PBXFileReference; fileEncoding = 4; lastKnownFileType = sourcecode.swift; path = TLIReminderViewController.swift; sourceTree = "<group>"; };
		56D4E63A1BD39E9F00852DC1 /* TLIListsFooterView.swift */ = {isa = PBXFileReference; fileEncoding = 4; lastKnownFileType = sourcecode.swift; path = TLIListsFooterView.swift; sourceTree = "<group>"; };
		56D4E63C1BD39EC600852DC1 /* TLIAddListButton.swift */ = {isa = PBXFileReference; fileEncoding = 4; lastKnownFileType = sourcecode.swift; path = TLIAddListButton.swift; sourceTree = "<group>"; };
		56D4E63E1BD39EE100852DC1 /* TLIArchiveButton.swift */ = {isa = PBXFileReference; fileEncoding = 4; lastKnownFileType = sourcecode.swift; path = TLIArchiveButton.swift; sourceTree = "<group>"; };
		56D4E6401BD39F0E00852DC1 /* TLIResultsTableViewController.swift */ = {isa = PBXFileReference; fileEncoding = 4; lastKnownFileType = sourcecode.swift; path = TLIResultsTableViewController.swift; sourceTree = "<group>"; };
		56D4E6421BD39F2B00852DC1 /* TLIListTableViewCell.swift */ = {isa = PBXFileReference; fileEncoding = 4; lastKnownFileType = sourcecode.swift; path = TLIListTableViewCell.swift; sourceTree = "<group>"; };
		56D4E6441BD39FBE00852DC1 /* TLICheckBoxButton.swift */ = {isa = PBXFileReference; fileEncoding = 4; lastKnownFileType = sourcecode.swift; path = TLICheckBoxButton.swift; sourceTree = "<group>"; };
		56D4E6461BD39FDE00852DC1 /* TLITouchableView.swift */ = {isa = PBXFileReference; fileEncoding = 4; lastKnownFileType = sourcecode.swift; path = TLITouchableView.swift; sourceTree = "<group>"; };
		56D4E6491BD3A2A400852DC1 /* TLIArchiveViewController.swift */ = {isa = PBXFileReference; fileEncoding = 4; lastKnownFileType = sourcecode.swift; path = TLIArchiveViewController.swift; sourceTree = "<group>"; };
		56D4E64C1BD3A46D00852DC1 /* TLISplitViewController.swift */ = {isa = PBXFileReference; fileEncoding = 4; lastKnownFileType = sourcecode.swift; path = TLISplitViewController.swift; sourceTree = "<group>"; };
		56D4E64E1BD3A48700852DC1 /* TLITasksViewController.swift */ = {isa = PBXFileReference; fileEncoding = 4; lastKnownFileType = sourcecode.swift; path = TLITasksViewController.swift; sourceTree = "<group>"; };
		56D4E6501BD3A4D600852DC1 /* TLITaskTableViewCell.swift */ = {isa = PBXFileReference; fileEncoding = 4; lastKnownFileType = sourcecode.swift; path = TLITaskTableViewCell.swift; sourceTree = "<group>"; };
		56D4E6521BD3AB2A00852DC1 /* UIImage+TinylogiOSAdditions.swift */ = {isa = PBXFileReference; fileEncoding = 4; lastKnownFileType = sourcecode.swift; path = "UIImage+TinylogiOSAdditions.swift"; sourceTree = "<group>"; };
		56D4E6541BD3AC7200852DC1 /* TLITasksFooterView.swift */ = {isa = PBXFileReference; fileEncoding = 4; lastKnownFileType = sourcecode.swift; path = TLITasksFooterView.swift; sourceTree = "<group>"; };
		56D4E6561BD3AC9200852DC1 /* TLIExportTasksButton.swift */ = {isa = PBXFileReference; fileEncoding = 4; lastKnownFileType = sourcecode.swift; path = TLIExportTasksButton.swift; sourceTree = "<group>"; };
		56D4E6581BD3B02C00852DC1 /* TLIReminderTaskTableViewCell.swift */ = {isa = PBXFileReference; fileEncoding = 4; lastKnownFileType = sourcecode.swift; path = TLIReminderTaskTableViewCell.swift; sourceTree = "<group>"; };
		56D4E65A1BD3B46100852DC1 /* TLIArchiveTasksViewController.swift */ = {isa = PBXFileReference; fileEncoding = 4; lastKnownFileType = sourcecode.swift; path = TLIArchiveTasksViewController.swift; sourceTree = "<group>"; };
		56ED18E21BD12DB400672D86 /* Tinylog 2.xcdatamodel */ = {isa = PBXFileReference; lastKnownFileType = wrapper.xcdatamodel; path = "Tinylog 2.xcdatamodel"; sourceTree = "<group>"; };
		56ED18E31BD12DB400672D86 /* Tinylog 3.xcdatamodel */ = {isa = PBXFileReference; lastKnownFileType = wrapper.xcdatamodel; path = "Tinylog 3.xcdatamodel"; sourceTree = "<group>"; };
		56ED18E41BD12DB400672D86 /* Tinylog 4.xcdatamodel */ = {isa = PBXFileReference; lastKnownFileType = wrapper.xcdatamodel; path = "Tinylog 4.xcdatamodel"; sourceTree = "<group>"; };
		56ED18E51BD12DB400672D86 /* Tinylog 5.xcdatamodel */ = {isa = PBXFileReference; lastKnownFileType = wrapper.xcdatamodel; path = "Tinylog 5.xcdatamodel"; sourceTree = "<group>"; };
		56ED18E61BD12DB400672D86 /* Tinylog 6.xcdatamodel */ = {isa = PBXFileReference; lastKnownFileType = wrapper.xcdatamodel; path = "Tinylog 6.xcdatamodel"; sourceTree = "<group>"; };
		56ED18E71BD12DB400672D86 /* Tinylog.xcdatamodel */ = {isa = PBXFileReference; lastKnownFileType = wrapper.xcdatamodel; path = Tinylog.xcdatamodel; sourceTree = "<group>"; };
		56ED18F41BD133B000672D86 /* TLIAppDelegate.swift */ = {isa = PBXFileReference; fileEncoding = 4; lastKnownFileType = sourcecode.swift; path = TLIAppDelegate.swift; sourceTree = "<group>"; };
		56ED18F81BD1349C00672D86 /* Tinylog-Bridging-Header.h */ = {isa = PBXFileReference; lastKnownFileType = sourcecode.c.h; path = "Tinylog-Bridging-Header.h"; sourceTree = "<group>"; };
		56ED19001BD138E300672D86 /* TLISyncManager.h */ = {isa = PBXFileReference; fileEncoding = 4; lastKnownFileType = sourcecode.c.h; path = TLISyncManager.h; sourceTree = "<group>"; };
		56ED19011BD138E300672D86 /* TLISyncManager.m */ = {isa = PBXFileReference; fileEncoding = 4; lastKnownFileType = sourcecode.c.objc; path = TLISyncManager.m; sourceTree = "<group>"; };
		56ED19031BD13A2C00672D86 /* TLICDController.swift */ = {isa = PBXFileReference; fileEncoding = 4; lastKnownFileType = sourcecode.swift; path = TLICDController.swift; sourceTree = "<group>"; };
		56F058661BD7CC5800B67412 /* SGTextField.swift */ = {isa = PBXFileReference; fileEncoding = 4; lastKnownFileType = sourcecode.swift; path = SGTextField.swift; sourceTree = "<group>"; };
		7B28E3FF08E874E8FBA997B9 /* Pods_Tinylog.framework */ = {isa = PBXFileReference; explicitFileType = wrapper.framework; includeInIndex = 0; path = Pods_Tinylog.framework; sourceTree = BUILT_PRODUCTS_DIR; };
		B8F271783A81E5BBE0791D9D /* Pods_TinylogTests.framework */ = {isa = PBXFileReference; explicitFileType = wrapper.framework; includeInIndex = 0; path = Pods_TinylogTests.framework; sourceTree = BUILT_PRODUCTS_DIR; };
/* End PBXFileReference section */

/* Begin PBXFrameworksBuildPhase section */
		564CE8991BD0E39B008C055C /* Frameworks */ = {
			isa = PBXFrameworksBuildPhase;
			buildActionMask = 2147483647;
			files = (
				0BD76F1AD8E8AAF39E25A283 /* Pods_Tinylog.framework in Frameworks */,
			);
			runOnlyForDeploymentPostprocessing = 0;
		};
		564CE8AD1BD0E39C008C055C /* Frameworks */ = {
			isa = PBXFrameworksBuildPhase;
			buildActionMask = 2147483647;
			files = (
				6BE5BC2A5E5851AE0CADC4DB /* Pods_TinylogTests.framework in Frameworks */,
			);
			runOnlyForDeploymentPostprocessing = 0;
		};
/* End PBXFrameworksBuildPhase section */

/* Begin PBXGroup section */
		56186EAB1BD417AE001B7EF3 /* Tags */ = {
			isa = PBXGroup;
			children = (
				56186EAC1BD417B6001B7EF3 /* TLITagsViewController.swift */,
			);
			path = Tags;
			sourceTree = "<group>";
		};
		56186EAE1BD41CDB001B7EF3 /* Mentions */ = {
			isa = PBXGroup;
			children = (
				56186EAF1BD41CE5001B7EF3 /* TLIMentionsViewController.swift */,
			);
			path = Mentions;
			sourceTree = "<group>";
		};
		56186EB11BD4231C001B7EF3 /* Resources */ = {
			isa = PBXGroup;
			children = (
				56186EB21BD42329001B7EF3 /* Sounds */,
			);
			name = Resources;
			sourceTree = "<group>";
		};
		56186EB21BD42329001B7EF3 /* Sounds */ = {
			isa = PBXGroup;
			children = (
				56186EB31BD42329001B7EF3 /* beep-xylo.aif */,
			);
			name = Sounds;
			path = Resources/Sounds;
			sourceTree = "<group>";
		};
		563B79471BD388B100EE86CD /* Abstract */ = {
			isa = PBXGroup;
			children = (
				563B79481BD388C000EE86CD /* TLIGroupedTableViewController.swift */,
			);
			path = Abstract;
			sourceTree = "<group>";
		};
		563B794E1BD38BA400EE86CD /* Cells */ = {
			isa = PBXGroup;
			children = (
				563B794F1BD38BB000EE86CD /* TLIGroupedTableViewCell.swift */,
				563B795D1BD38EAD00EE86CD /* TLITableViewCell.swift */,
				563B79621BD38F3400EE86CD /* TLIHelpTableViewCell.swift */,
				563B79831BD3970900EE86CD /* TLITextFieldCell.swift */,
				56D4E6421BD39F2B00852DC1 /* TLIListTableViewCell.swift */,
				56D4E6501BD3A4D600852DC1 /* TLITaskTableViewCell.swift */,
				56D4E6581BD3B02C00852DC1 /* TLIReminderTaskTableViewCell.swift */,
			);
			path = Cells;
			sourceTree = "<group>";
		};
		563B79531BD38DD200EE86CD /* Controls */ = {
			isa = PBXGroup;
			children = (
				563B79541BD38DD200EE86CD /* StepSliderControl.h */,
				563B79551BD38DD200EE86CD /* StepSliderControl.m */,
			);
			path = Controls;
			sourceTree = "<group>";
		};
		563B79571BD38E2B00EE86CD /* Utils */ = {
			isa = PBXGroup;
			children = (
				563B79661BD392DC00EE86CD /* TLIDrawingUtils.h */,
				563B79671BD392DC00EE86CD /* TLIDrawingUtils.m */,
				563B79581BD38E2B00EE86CD /* TLIDeviceInfo.h */,
				563B79591BD38E2B00EE86CD /* TLIDeviceInfo.m */,
			);
			path = Utils;
			sourceTree = "<group>";
		};
		563B796F1BD3947F00EE86CD /* Protocols */ = {
			isa = PBXGroup;
			children = (
				563B79701BD3948700EE86CD /* TLITextFieldCellDelegate.swift */,
				563B79721BD3949800EE86CD /* TLIAddTaskViewDelegate.swift */,
				563B79741BD394AB00EE86CD /* TLIAddListViewControllerDelegate.swift */,
				563B79761BD394BB00EE86CD /* TLIEditTaskViewControllerDelegate.swift */,
			);
			path = Protocols;
			sourceTree = "<group>";
		};
		563B79801BD3963100EE86CD /* Keyboard */ = {
			isa = PBXGroup;
			children = (
				563B79811BD3963E00EE86CD /* TLIKeyboardBar.swift */,
			);
			path = Keyboard;
			sourceTree = "<group>";
		};
		563B79871BD39CF500EE86CD /* Reminder */ = {
			isa = PBXGroup;
			children = (
				56D4E6341BD39D2300852DC1 /* TLIReminderViewController.swift */,
			);
			path = Reminder;
			sourceTree = "<group>";
		};
		564CE8931BD0E39B008C055C = {
			isa = PBXGroup;
			children = (
				565E7C621BD55EF000E05C8A /* Vendor */,
				56186EB11BD4231C001B7EF3 /* Resources */,
				564CE89E1BD0E39C008C055C /* Tinylog */,
				564CE8B31BD0E39C008C055C /* TinylogTests */,
				564CE89D1BD0E39B008C055C /* Products */,
				BF2095918E2B15668B278FB9 /* Pods */,
				F82F84CCC4AD5C0BDBD9345E /* Frameworks */,
			);
			sourceTree = "<group>";
		};
		564CE89D1BD0E39B008C055C /* Products */ = {
			isa = PBXGroup;
			children = (
				564CE89C1BD0E39B008C055C /* Tinylog.app */,
				564CE8B01BD0E39C008C055C /* TinylogTests.xctest */,
			);
			name = Products;
			sourceTree = "<group>";
		};
		564CE89E1BD0E39C008C055C /* Tinylog */ = {
			isa = PBXGroup;
			children = (
				563B796F1BD3947F00EE86CD /* Protocols */,
				563B79571BD38E2B00EE86CD /* Utils */,
				568B36C11BD265A30011A745 /* View Controllers */,
				568B36B71BD231500011A745 /* Views */,
				568B36B31BD2305A0011A745 /* Extensions */,
				568B36B01BD22FB10011A745 /* Setup */,
				568B369B1BD229860011A745 /* Tinylog.entitlements */,
				56ED18FC1BD1378900672D86 /* Network */,
				56ED18F61BD133C300672D86 /* Headers */,
				56ED18F31BD133B000672D86 /* Application */,
				56ED18EB1BD12E0400672D86 /* Core Data */,
				56ED18E01BD12DB400672D86 /* Core Data Model */,
				564CE8A61BD0E39C008C055C /* Assets.xcassets */,
				564CE8AB1BD0E39C008C055C /* Info.plist */,
			);
			path = Tinylog;
			sourceTree = "<group>";
		};
		564CE8B31BD0E39C008C055C /* TinylogTests */ = {
			isa = PBXGroup;
			children = (
				564CE8B41BD0E39C008C055C /* TinylogTests.swift */,
				564CE8B61BD0E39C008C055C /* Info.plist */,
			);
			path = TinylogTests;
			sourceTree = "<group>";
		};
		565E7C621BD55EF000E05C8A /* Vendor */ = {
			isa = PBXGroup;
			children = (
			);
			path = Vendor;
			sourceTree = "<group>";
		};
		568B36B01BD22FB10011A745 /* Setup */ = {
			isa = PBXGroup;
			children = (
				568B36B11BD22FC90011A745 /* TLISetupViewController.swift */,
			);
			path = Setup;
			sourceTree = "<group>";
		};
		568B36B31BD2305A0011A745 /* Extensions */ = {
			isa = PBXGroup;
			children = (
				568B36B41BD230720011A745 /* UIColor+TinylogiOSAdditions.swift */,
				563B79451BD381C800EE86CD /* UIFont+TinylogiOSAdditions.swift */,
				563B79851BD39A7000EE86CD /* String+TinylogiOSAdditions.swift */,
				56D4E6521BD3AB2A00852DC1 /* UIImage+TinylogiOSAdditions.swift */,
				56B275771BD558D3000BE396 /* NSDate+Utilities.h */,
				56B275781BD558D3000BE396 /* NSDate+Utilities.m */,
			);
			path = Extensions;
			sourceTree = "<group>";
		};
		568B36B71BD231500011A745 /* Views */ = {
			isa = PBXGroup;
			children = (
				563B79801BD3963100EE86CD /* Keyboard */,
				563B795F1BD38EF400EE86CD /* TLITextField.h */,
				563B79601BD38EF400EE86CD /* TLITextField.m */,
				563B79531BD38DD200EE86CD /* Controls */,
				563B794E1BD38BA400EE86CD /* Cells */,
				568B36B81BD231500011A745 /* Buttons */,
				563B796B1BD393D600EE86CD /* TLIMenuColorsView.swift */,
				563B79781BD394D900EE86CD /* TLIAddTaskView.swift */,
				563B797A1BD3952800EE86CD /* TLITagsView.swift */,
				56D4E63A1BD39E9F00852DC1 /* TLIListsFooterView.swift */,
				56D4E6461BD39FDE00852DC1 /* TLITouchableView.swift */,
				56D4E6541BD3AC7200852DC1 /* TLITasksFooterView.swift */,
				56F058661BD7CC5800B67412 /* SGTextField.swift */,
			);
			path = Views;
			sourceTree = "<group>";
		};
		568B36B81BD231500011A745 /* Buttons */ = {
			isa = PBXGroup;
			children = (
				568B36B91BD231610011A745 /* TLIRoundedButton.swift */,
				563B796D1BD3943700EE86CD /* TLICircleButton.swift */,
				563B797E1BD3960400EE86CD /* TLICloseButton.swift */,
				56D4E63C1BD39EC600852DC1 /* TLIAddListButton.swift */,
				56D4E63E1BD39EE100852DC1 /* TLIArchiveButton.swift */,
				56D4E6441BD39FBE00852DC1 /* TLICheckBoxButton.swift */,
				56D4E6561BD3AC9200852DC1 /* TLIExportTasksButton.swift */,
			);
			path = Buttons;
			sourceTree = "<group>";
		};
		568B36C11BD265A30011A745 /* View Controllers */ = {
			isa = PBXGroup;
			children = (
				56186EAE1BD41CDB001B7EF3 /* Mentions */,
				56186EAB1BD417AE001B7EF3 /* Tags */,
				56D4E64B1BD3A46300852DC1 /* iPad */,
				56D4E6481BD3A29B00852DC1 /* Archive */,
				563B79871BD39CF500EE86CD /* Reminder */,
				563B79471BD388B100EE86CD /* Abstract */,
				568B36C21BD265A30011A745 /* Lists */,
				568B36C31BD265A30011A745 /* Settings */,
				568B36C41BD265A30011A745 /* Tasks */,
			);
			path = "View Controllers";
			sourceTree = "<group>";
		};
		568B36C21BD265A30011A745 /* Lists */ = {
			isa = PBXGroup;
			children = (
				568B36C51BD266010011A745 /* TLIListsViewController.swift */,
				563B79691BD393AE00EE86CD /* TLIAddListViewController.swift */,
				56D4E6401BD39F0E00852DC1 /* TLIResultsTableViewController.swift */,
			);
			path = Lists;
			sourceTree = "<group>";
		};
		568B36C31BD265A30011A745 /* Settings */ = {
			isa = PBXGroup;
			children = (
				563B794A1BD388EA00EE86CD /* TLISettingsFontPickerViewController.swift */,
				563B794C1BD38A7100EE86CD /* TLISettingsTableViewController.swift */,
				563B79511BD38D7100EE86CD /* TLITextSizeViewController.swift */,
				563B795B1BD38E7000EE86CD /* TLIHelpTableViewController.swift */,
				563B79641BD3905500EE86CD /* TLIAboutViewController.swift */,
			);
			path = Settings;
			sourceTree = "<group>";
		};
		568B36C41BD265A30011A745 /* Tasks */ = {
			isa = PBXGroup;
			children = (
				563B797C1BD3957300EE86CD /* TLIEditTaskViewController.swift */,
				56D4E64E1BD3A48700852DC1 /* TLITasksViewController.swift */,
			);
			path = Tasks;
			sourceTree = "<group>";
		};
		56D4E6481BD3A29B00852DC1 /* Archive */ = {
			isa = PBXGroup;
			children = (
				56D4E6491BD3A2A400852DC1 /* TLIArchiveViewController.swift */,
				56D4E65A1BD3B46100852DC1 /* TLIArchiveTasksViewController.swift */,
			);
			path = Archive;
			sourceTree = "<group>";
		};
		56D4E64B1BD3A46300852DC1 /* iPad */ = {
			isa = PBXGroup;
			children = (
				56D4E64C1BD3A46D00852DC1 /* TLISplitViewController.swift */,
			);
			path = iPad;
			sourceTree = "<group>";
		};
		56ED18E01BD12DB400672D86 /* Core Data Model */ = {
			isa = PBXGroup;
			children = (
				56ED18E11BD12DB400672D86 /* Tinylog.xcdatamodeld */,
				568B36AC1BD22B230011A745 /* TLINotification+CoreDataProperties.swift */,
				568B36AD1BD22B230011A745 /* TLINotification.swift */,
				568B36A81BD22B080011A745 /* TLIMention+CoreDataProperties.swift */,
				568B36A91BD22B080011A745 /* TLIMention.swift */,
				568B36A41BD22AEF0011A745 /* TLITag+CoreDataProperties.swift */,
				568B36A51BD22AEF0011A745 /* TLITag.swift */,
				568B36A01BD22AC90011A745 /* TLITask+CoreDataProperties.swift */,
				568B36A11BD22AC90011A745 /* TLITask.swift */,
				568B369C1BD22A240011A745 /* TLIList+CoreDataProperties.swift */,
				568B369D1BD22A240011A745 /* TLIList.swift */,
			);
			path = "Core Data Model";
			sourceTree = "<group>";
		};
		56ED18EB1BD12E0400672D86 /* Core Data */ = {
			isa = PBXGroup;
			children = (
				568B36BF1BD262A40011A745 /* TLICoreDataTableViewController.swift */,
			);
			name = "Core Data";
			sourceTree = "<group>";
		};
		56ED18F31BD133B000672D86 /* Application */ = {
			isa = PBXGroup;
			children = (
				56ED18F41BD133B000672D86 /* TLIAppDelegate.swift */,
				568B36BB1BD232360011A745 /* TLIConstants.swift */,
			);
			path = Application;
			sourceTree = "<group>";
		};
		56ED18F61BD133C300672D86 /* Headers */ = {
			isa = PBXGroup;
			children = (
				56ED18F81BD1349C00672D86 /* Tinylog-Bridging-Header.h */,
			);
			path = Headers;
			sourceTree = "<group>";
		};
		56ED18FC1BD1378900672D86 /* Network */ = {
			isa = PBXGroup;
			children = (
				56ED19001BD138E300672D86 /* TLISyncManager.h */,
				56ED19011BD138E300672D86 /* TLISyncManager.m */,
				56ED19031BD13A2C00672D86 /* TLICDController.swift */,
				568B36BD1BD233A30011A745 /* TLIAnalyticsTracker.swift */,
			);
			path = Network;
			sourceTree = "<group>";
		};
		BF2095918E2B15668B278FB9 /* Pods */ = {
			isa = PBXGroup;
			children = (
				1E9C5726D127EF64377DF523 /* Pods-Tinylog.debug.xcconfig */,
				23A0808EE7B649C91435C8E7 /* Pods-Tinylog.release.xcconfig */,
				5025D22A19B8119D39BB9C70 /* Pods-TinylogTests.debug.xcconfig */,
				242F8901CEF3398A5561C510 /* Pods-TinylogTests.release.xcconfig */,
			);
			name = Pods;
			sourceTree = "<group>";
		};
		F82F84CCC4AD5C0BDBD9345E /* Frameworks */ = {
			isa = PBXGroup;
			children = (
				7B28E3FF08E874E8FBA997B9 /* Pods_Tinylog.framework */,
				B8F271783A81E5BBE0791D9D /* Pods_TinylogTests.framework */,
			);
			name = Frameworks;
			sourceTree = "<group>";
		};
/* End PBXGroup section */

/* Begin PBXNativeTarget section */
		564CE89B1BD0E39B008C055C /* Tinylog */ = {
			isa = PBXNativeTarget;
			buildConfigurationList = 564CE8B91BD0E39C008C055C /* Build configuration list for PBXNativeTarget "Tinylog" */;
			buildPhases = (
				ABC7A8481968140060FC5CEE /* Check Pods Manifest.lock */,
				564CE8981BD0E39B008C055C /* Sources */,
				564CE8991BD0E39B008C055C /* Frameworks */,
				564CE89A1BD0E39B008C055C /* Resources */,
				744AB7D6BDF604266AF93DAD /* Embed Pods Frameworks */,
				EE450A8F6A01A6F362FBCDF8 /* Copy Pods Resources */,
				565E7C671BD5600E00E05C8A /* ShellScript */,
				561998561BD5616300024186 /* ShellScript */,
			);
			buildRules = (
			);
			dependencies = (
			);
			name = Tinylog;
			productName = Tinylog;
			productReference = 564CE89C1BD0E39B008C055C /* Tinylog.app */;
			productType = "com.apple.product-type.application";
		};
		564CE8AF1BD0E39C008C055C /* TinylogTests */ = {
			isa = PBXNativeTarget;
			buildConfigurationList = 564CE8BC1BD0E39C008C055C /* Build configuration list for PBXNativeTarget "TinylogTests" */;
			buildPhases = (
				109E1AC3DFC86BC370FB9F4A /* Check Pods Manifest.lock */,
				564CE8AC1BD0E39C008C055C /* Sources */,
				564CE8AD1BD0E39C008C055C /* Frameworks */,
				564CE8AE1BD0E39C008C055C /* Resources */,
				795E7AA3C3FF3FB0FBD73C00 /* Embed Pods Frameworks */,
				A82C57280EEC3BA5BE355B11 /* Copy Pods Resources */,
			);
			buildRules = (
			);
			dependencies = (
				564CE8B21BD0E39C008C055C /* PBXTargetDependency */,
			);
			name = TinylogTests;
			productName = TinylogTests;
			productReference = 564CE8B01BD0E39C008C055C /* TinylogTests.xctest */;
			productType = "com.apple.product-type.bundle.unit-test";
		};
/* End PBXNativeTarget section */

/* Begin PBXProject section */
		564CE8941BD0E39B008C055C /* Project object */ = {
			isa = PBXProject;
			attributes = {
				CLASSPREFIX = TLI;
				LastSwiftUpdateCheck = 0700;
				LastUpgradeCheck = 0700;
				ORGANIZATIONNAME = "Spiros Gerokostas";
				TargetAttributes = {
					564CE89B1BD0E39B008C055C = {
						CreatedOnToolsVersion = 7.0.1;
						DevelopmentTeam = A22EW7MN8G;
						SystemCapabilities = {
							com.apple.BackgroundModes = {
								enabled = 1;
							};
							com.apple.iCloud = {
								enabled = 1;
							};
						};
					};
					564CE8AF1BD0E39C008C055C = {
						CreatedOnToolsVersion = 7.0.1;
						TestTargetID = 564CE89B1BD0E39B008C055C;
					};
				};
			};
			buildConfigurationList = 564CE8971BD0E39B008C055C /* Build configuration list for PBXProject "Tinylog" */;
			compatibilityVersion = "Xcode 3.2";
			developmentRegion = English;
			hasScannedForEncodings = 0;
			knownRegions = (
				en,
				Base,
			);
			mainGroup = 564CE8931BD0E39B008C055C;
			productRefGroup = 564CE89D1BD0E39B008C055C /* Products */;
			projectDirPath = "";
			projectRoot = "";
			targets = (
				564CE89B1BD0E39B008C055C /* Tinylog */,
				564CE8AF1BD0E39C008C055C /* TinylogTests */,
			);
		};
/* End PBXProject section */

/* Begin PBXResourcesBuildPhase section */
		564CE89A1BD0E39B008C055C /* Resources */ = {
			isa = PBXResourcesBuildPhase;
			buildActionMask = 2147483647;
			files = (
				56186EB41BD42329001B7EF3 /* beep-xylo.aif in Resources */,
				564CE8A71BD0E39C008C055C /* Assets.xcassets in Resources */,
			);
			runOnlyForDeploymentPostprocessing = 0;
		};
		564CE8AE1BD0E39C008C055C /* Resources */ = {
			isa = PBXResourcesBuildPhase;
			buildActionMask = 2147483647;
			files = (
			);
			runOnlyForDeploymentPostprocessing = 0;
		};
/* End PBXResourcesBuildPhase section */

/* Begin PBXShellScriptBuildPhase section */
		109E1AC3DFC86BC370FB9F4A /* Check Pods Manifest.lock */ = {
			isa = PBXShellScriptBuildPhase;
			buildActionMask = 2147483647;
			files = (
			);
			inputPaths = (
			);
			name = "Check Pods Manifest.lock";
			outputPaths = (
			);
			runOnlyForDeploymentPostprocessing = 0;
			shellPath = /bin/sh;
			shellScript = "diff \"${PODS_ROOT}/../Podfile.lock\" \"${PODS_ROOT}/Manifest.lock\" > /dev/null\nif [[ $? != 0 ]] ; then\n    cat << EOM\nerror: The sandbox is not in sync with the Podfile.lock. Run 'pod install' or update your CocoaPods installation.\nEOM\n    exit 1\nfi\n";
			showEnvVarsInLog = 0;
		};
		561998561BD5616300024186 /* ShellScript */ = {
			isa = PBXShellScriptBuildPhase;
			buildActionMask = 2147483647;
			files = (
			);
			inputPaths = (
			);
			outputPaths = (
			);
			runOnlyForDeploymentPostprocessing = 0;
			shellPath = /bin/sh;
			shellScript = "# xcode-build-bump.sh\n# @desc Auto-increment the build number every time the project is run.\n# @usage\n# 1. Select: your Target in Xcode\n# 2. Select: Build Phases Tab\n# 3. Select: Add Build Phase -> Add Run Script\n# 4. Paste code below in to new \"Run Script\" section\n# 5. Drag the \"Run Script\" below \"Link Binaries With Libraries\"\n# 6. Insure that your starting build number is set to a whole integer and not a float (e.g. 1, not 1.0)\n\nbuildNumber=$(/usr/libexec/PlistBuddy -c \"Print CFBundleVersion\" \"${PROJECT_DIR}/${INFOPLIST_FILE}\")\nbuildNumber=$(($buildNumber + 1))\n/usr/libexec/PlistBuddy -c \"Set :CFBundleVersion $buildNumber\" \"${PROJECT_DIR}/${INFOPLIST_FILE}\"";
		};
		565E7C671BD5600E00E05C8A /* ShellScript */ = {
			isa = PBXShellScriptBuildPhase;
			buildActionMask = 2147483647;
			files = (
			);
			inputPaths = (
			);
			outputPaths = (
			);
			runOnlyForDeploymentPostprocessing = 0;
			shellPath = /bin/sh;
			shellScript = "\"${PODS_ROOT}/Fabric/Fabric.framework/run\" 88300c2a59d5352c19153a01c6671ab3339d663e 6365883efd310f74cbfc6417d341fef3d8ffdc069ab00826bde1b7645eaf54ed";
		};
		744AB7D6BDF604266AF93DAD /* Embed Pods Frameworks */ = {
			isa = PBXShellScriptBuildPhase;
			buildActionMask = 2147483647;
			files = (
			);
			inputPaths = (
			);
			name = "Embed Pods Frameworks";
			outputPaths = (
			);
			runOnlyForDeploymentPostprocessing = 0;
			shellPath = /bin/sh;
			shellScript = "\"${SRCROOT}/Pods/Target Support Files/Pods-Tinylog/Pods-Tinylog-frameworks.sh\"\n";
			showEnvVarsInLog = 0;
		};
		795E7AA3C3FF3FB0FBD73C00 /* Embed Pods Frameworks */ = {
			isa = PBXShellScriptBuildPhase;
			buildActionMask = 2147483647;
			files = (
			);
			inputPaths = (
			);
			name = "Embed Pods Frameworks";
			outputPaths = (
			);
			runOnlyForDeploymentPostprocessing = 0;
			shellPath = /bin/sh;
			shellScript = "\"${SRCROOT}/Pods/Target Support Files/Pods-TinylogTests/Pods-TinylogTests-frameworks.sh\"\n";
			showEnvVarsInLog = 0;
		};
		A82C57280EEC3BA5BE355B11 /* Copy Pods Resources */ = {
			isa = PBXShellScriptBuildPhase;
			buildActionMask = 2147483647;
			files = (
			);
			inputPaths = (
			);
			name = "Copy Pods Resources";
			outputPaths = (
			);
			runOnlyForDeploymentPostprocessing = 0;
			shellPath = /bin/sh;
			shellScript = "\"${SRCROOT}/Pods/Target Support Files/Pods-TinylogTests/Pods-TinylogTests-resources.sh\"\n";
			showEnvVarsInLog = 0;
		};
		ABC7A8481968140060FC5CEE /* Check Pods Manifest.lock */ = {
			isa = PBXShellScriptBuildPhase;
			buildActionMask = 2147483647;
			files = (
			);
			inputPaths = (
			);
			name = "Check Pods Manifest.lock";
			outputPaths = (
			);
			runOnlyForDeploymentPostprocessing = 0;
			shellPath = /bin/sh;
			shellScript = "diff \"${PODS_ROOT}/../Podfile.lock\" \"${PODS_ROOT}/Manifest.lock\" > /dev/null\nif [[ $? != 0 ]] ; then\n    cat << EOM\nerror: The sandbox is not in sync with the Podfile.lock. Run 'pod install' or update your CocoaPods installation.\nEOM\n    exit 1\nfi\n";
			showEnvVarsInLog = 0;
		};
		EE450A8F6A01A6F362FBCDF8 /* Copy Pods Resources */ = {
			isa = PBXShellScriptBuildPhase;
			buildActionMask = 2147483647;
			files = (
			);
			inputPaths = (
			);
			name = "Copy Pods Resources";
			outputPaths = (
			);
			runOnlyForDeploymentPostprocessing = 0;
			shellPath = /bin/sh;
			shellScript = "\"${SRCROOT}/Pods/Target Support Files/Pods-Tinylog/Pods-Tinylog-resources.sh\"\n";
			showEnvVarsInLog = 0;
		};
/* End PBXShellScriptBuildPhase section */

/* Begin PBXSourcesBuildPhase section */
		564CE8981BD0E39B008C055C /* Sources */ = {
			isa = PBXSourcesBuildPhase;
			buildActionMask = 2147483647;
			files = (
				563B795E1BD38EAD00EE86CD /* TLITableViewCell.swift in Sources */,
				568B36B21BD22FC90011A745 /* TLISetupViewController.swift in Sources */,
				56ED19021BD138E300672D86 /* TLISyncManager.m in Sources */,
				563B795A1BD38E2B00EE86CD /* TLIDeviceInfo.m in Sources */,
				56D4E63D1BD39EC600852DC1 /* TLIAddListButton.swift in Sources */,
				56D4E6531BD3AB2A00852DC1 /* UIImage+TinylogiOSAdditions.swift in Sources */,
				56D4E64A1BD3A2A400852DC1 /* TLIArchiveViewController.swift in Sources */,
				56F058671BD7CC5800B67412 /* SGTextField.swift in Sources */,
				56D4E6431BD39F2B00852DC1 /* TLIListTableViewCell.swift in Sources */,
				56D4E6571BD3AC9200852DC1 /* TLIExportTasksButton.swift in Sources */,
				56D4E6351BD39D2300852DC1 /* TLIReminderViewController.swift in Sources */,
				56D4E63B1BD39E9F00852DC1 /* TLIListsFooterView.swift in Sources */,
				563B79771BD394BB00EE86CD /* TLIEditTaskViewControllerDelegate.swift in Sources */,
				563B797D1BD3957300EE86CD /* TLIEditTaskViewController.swift in Sources */,
				563B794B1BD388EA00EE86CD /* TLISettingsFontPickerViewController.swift in Sources */,
				56D4E6411BD39F0E00852DC1 /* TLIResultsTableViewController.swift in Sources */,
				56ED18F51BD133B000672D86 /* TLIAppDelegate.swift in Sources */,
				56D4E6451BD39FBE00852DC1 /* TLICheckBoxButton.swift in Sources */,
				56D4E6471BD39FDE00852DC1 /* TLITouchableView.swift in Sources */,
				56D4E6591BD3B02C00852DC1 /* TLIReminderTaskTableViewCell.swift in Sources */,
				563B797F1BD3960400EE86CD /* TLICloseButton.swift in Sources */,
				56186EB01BD41CE5001B7EF3 /* TLIMentionsViewController.swift in Sources */,
				563B797B1BD3952800EE86CD /* TLITagsView.swift in Sources */,
				568B36A61BD22AEF0011A745 /* TLITag+CoreDataProperties.swift in Sources */,
				563B796C1BD393D600EE86CD /* TLIMenuColorsView.swift in Sources */,
				568B369E1BD22A240011A745 /* TLIList+CoreDataProperties.swift in Sources */,
				568B36BA1BD231610011A745 /* TLIRoundedButton.swift in Sources */,
				568B36BC1BD232360011A745 /* TLIConstants.swift in Sources */,
				568B36AA1BD22B080011A745 /* TLIMention+CoreDataProperties.swift in Sources */,
				56ED19041BD13A2C00672D86 /* TLICDController.swift in Sources */,
				563B79561BD38DD200EE86CD /* StepSliderControl.m in Sources */,
				568B36A21BD22AC90011A745 /* TLITask+CoreDataProperties.swift in Sources */,
				568B369F1BD22A240011A745 /* TLIList.swift in Sources */,
				563B795C1BD38E7000EE86CD /* TLIHelpTableViewController.swift in Sources */,
				563B79631BD38F3400EE86CD /* TLIHelpTableViewCell.swift in Sources */,
				56186EAD1BD417B6001B7EF3 /* TLITagsViewController.swift in Sources */,
				563B79731BD3949800EE86CD /* TLIAddTaskViewDelegate.swift in Sources */,
				563B79791BD394D900EE86CD /* TLIAddTaskView.swift in Sources */,
				563B79861BD39A7000EE86CD /* String+TinylogiOSAdditions.swift in Sources */,
				563B79711BD3948700EE86CD /* TLITextFieldCellDelegate.swift in Sources */,
				568B36AF1BD22B230011A745 /* TLINotification.swift in Sources */,
				568B36B51BD230720011A745 /* UIColor+TinylogiOSAdditions.swift in Sources */,
				568B36C61BD266010011A745 /* TLIListsViewController.swift in Sources */,
				568B36AB1BD22B080011A745 /* TLIMention.swift in Sources */,
				568B36A71BD22AEF0011A745 /* TLITag.swift in Sources */,
				563B796E1BD3943700EE86CD /* TLICircleButton.swift in Sources */,
				563B79681BD392DC00EE86CD /* TLIDrawingUtils.m in Sources */,
				563B79461BD381C800EE86CD /* UIFont+TinylogiOSAdditions.swift in Sources */,
				56D4E6551BD3AC7200852DC1 /* TLITasksFooterView.swift in Sources */,
				56D4E65B1BD3B46100852DC1 /* TLIArchiveTasksViewController.swift in Sources */,
				568B36A31BD22AC90011A745 /* TLITask.swift in Sources */,
				568B36BE1BD233A30011A745 /* TLIAnalyticsTracker.swift in Sources */,
				563B79841BD3970900EE86CD /* TLITextFieldCell.swift in Sources */,
				563B79501BD38BB000EE86CD /* TLIGroupedTableViewCell.swift in Sources */,
				563B794D1BD38A7100EE86CD /* TLISettingsTableViewController.swift in Sources */,
				563B79491BD388C000EE86CD /* TLIGroupedTableViewController.swift in Sources */,
				56D4E63F1BD39EE100852DC1 /* TLIArchiveButton.swift in Sources */,
				56D4E6511BD3A4D600852DC1 /* TLITaskTableViewCell.swift in Sources */,
				563B79651BD3905500EE86CD /* TLIAboutViewController.swift in Sources */,
				56B275791BD558D3000BE396 /* NSDate+Utilities.m in Sources */,
				563B79611BD38EF400EE86CD /* TLITextField.m in Sources */,
				56D4E64F1BD3A48700852DC1 /* TLITasksViewController.swift in Sources */,
				563B79821BD3963E00EE86CD /* TLIKeyboardBar.swift in Sources */,
				563B79751BD394AB00EE86CD /* TLIAddListViewControllerDelegate.swift in Sources */,
				568B36AE1BD22B230011A745 /* TLINotification+CoreDataProperties.swift in Sources */,
				56D4E64D1BD3A46D00852DC1 /* TLISplitViewController.swift in Sources */,
				56ED18E81BD12DB400672D86 /* Tinylog.xcdatamodeld in Sources */,
				563B79521BD38D7100EE86CD /* TLITextSizeViewController.swift in Sources */,
				563B796A1BD393AE00EE86CD /* TLIAddListViewController.swift in Sources */,
				568B36C01BD262A40011A745 /* TLICoreDataTableViewController.swift in Sources */,
			);
			runOnlyForDeploymentPostprocessing = 0;
		};
		564CE8AC1BD0E39C008C055C /* Sources */ = {
			isa = PBXSourcesBuildPhase;
			buildActionMask = 2147483647;
			files = (
				564CE8B51BD0E39C008C055C /* TinylogTests.swift in Sources */,
			);
			runOnlyForDeploymentPostprocessing = 0;
		};
/* End PBXSourcesBuildPhase section */

/* Begin PBXTargetDependency section */
		564CE8B21BD0E39C008C055C /* PBXTargetDependency */ = {
			isa = PBXTargetDependency;
			target = 564CE89B1BD0E39B008C055C /* Tinylog */;
			targetProxy = 564CE8B11BD0E39C008C055C /* PBXContainerItemProxy */;
		};
/* End PBXTargetDependency section */

/* Begin XCBuildConfiguration section */
		564CE8B71BD0E39C008C055C /* Debug */ = {
			isa = XCBuildConfiguration;
			buildSettings = {
				ALWAYS_SEARCH_USER_PATHS = NO;
				CLANG_CXX_LANGUAGE_STANDARD = "gnu++0x";
				CLANG_CXX_LIBRARY = "libc++";
				CLANG_ENABLE_MODULES = YES;
				CLANG_ENABLE_OBJC_ARC = YES;
				CLANG_WARN_BOOL_CONVERSION = YES;
				CLANG_WARN_CONSTANT_CONVERSION = YES;
				CLANG_WARN_DIRECT_OBJC_ISA_USAGE = YES_ERROR;
				CLANG_WARN_EMPTY_BODY = YES;
				CLANG_WARN_ENUM_CONVERSION = YES;
				CLANG_WARN_INT_CONVERSION = YES;
				CLANG_WARN_OBJC_ROOT_CLASS = YES_ERROR;
				CLANG_WARN_UNREACHABLE_CODE = YES;
				CLANG_WARN__DUPLICATE_METHOD_MATCH = YES;
				"CODE_SIGN_IDENTITY[sdk=iphoneos*]" = "iPhone Developer";
				COPY_PHASE_STRIP = NO;
				DEBUG_INFORMATION_FORMAT = dwarf;
				ENABLE_STRICT_OBJC_MSGSEND = YES;
				ENABLE_TESTABILITY = YES;
				GCC_C_LANGUAGE_STANDARD = gnu99;
				GCC_DYNAMIC_NO_PIC = NO;
				GCC_NO_COMMON_BLOCKS = YES;
				GCC_OPTIMIZATION_LEVEL = 0;
				GCC_PREPROCESSOR_DEFINITIONS = (
					"DEBUG=1",
					"$(inherited)",
				);
				GCC_WARN_64_TO_32_BIT_CONVERSION = YES;
				GCC_WARN_ABOUT_RETURN_TYPE = YES_ERROR;
				GCC_WARN_UNDECLARED_SELECTOR = YES;
				GCC_WARN_UNINITIALIZED_AUTOS = YES_AGGRESSIVE;
				GCC_WARN_UNUSED_FUNCTION = YES;
				GCC_WARN_UNUSED_VARIABLE = YES;
				IPHONEOS_DEPLOYMENT_TARGET = 9.0;
				MTL_ENABLE_DEBUG_INFO = YES;
				ONLY_ACTIVE_ARCH = YES;
				SDKROOT = iphoneos;
				SWIFT_OBJC_BRIDGING_HEADER = "";
				SWIFT_OPTIMIZATION_LEVEL = "-Onone";
				TARGETED_DEVICE_FAMILY = "1,2";
			};
			name = Debug;
		};
		564CE8B81BD0E39C008C055C /* Release */ = {
			isa = XCBuildConfiguration;
			buildSettings = {
				ALWAYS_SEARCH_USER_PATHS = NO;
				CLANG_CXX_LANGUAGE_STANDARD = "gnu++0x";
				CLANG_CXX_LIBRARY = "libc++";
				CLANG_ENABLE_MODULES = YES;
				CLANG_ENABLE_OBJC_ARC = YES;
				CLANG_WARN_BOOL_CONVERSION = YES;
				CLANG_WARN_CONSTANT_CONVERSION = YES;
				CLANG_WARN_DIRECT_OBJC_ISA_USAGE = YES_ERROR;
				CLANG_WARN_EMPTY_BODY = YES;
				CLANG_WARN_ENUM_CONVERSION = YES;
				CLANG_WARN_INT_CONVERSION = YES;
				CLANG_WARN_OBJC_ROOT_CLASS = YES_ERROR;
				CLANG_WARN_UNREACHABLE_CODE = YES;
				CLANG_WARN__DUPLICATE_METHOD_MATCH = YES;
				"CODE_SIGN_IDENTITY[sdk=iphoneos*]" = "iPhone Developer";
				COPY_PHASE_STRIP = NO;
				DEBUG_INFORMATION_FORMAT = "dwarf-with-dsym";
				ENABLE_NS_ASSERTIONS = NO;
				ENABLE_STRICT_OBJC_MSGSEND = YES;
				GCC_C_LANGUAGE_STANDARD = gnu99;
				GCC_NO_COMMON_BLOCKS = YES;
				GCC_WARN_64_TO_32_BIT_CONVERSION = YES;
				GCC_WARN_ABOUT_RETURN_TYPE = YES_ERROR;
				GCC_WARN_UNDECLARED_SELECTOR = YES;
				GCC_WARN_UNINITIALIZED_AUTOS = YES_AGGRESSIVE;
				GCC_WARN_UNUSED_FUNCTION = YES;
				GCC_WARN_UNUSED_VARIABLE = YES;
				IPHONEOS_DEPLOYMENT_TARGET = 9.0;
				MTL_ENABLE_DEBUG_INFO = NO;
				SDKROOT = iphoneos;
				SWIFT_OBJC_BRIDGING_HEADER = "";
				TARGETED_DEVICE_FAMILY = "1,2";
				VALIDATE_PRODUCT = YES;
			};
			name = Release;
		};
		564CE8BA1BD0E39C008C055C /* Debug */ = {
			isa = XCBuildConfiguration;
			baseConfigurationReference = 1E9C5726D127EF64377DF523 /* Pods-Tinylog.debug.xcconfig */;
			buildSettings = {
				ALWAYS_SEARCH_USER_PATHS = NO;
				ASSETCATALOG_COMPILER_APPICON_NAME = AppIcon;
				ASSETCATALOG_COMPILER_LAUNCHIMAGE_NAME = LaunchImage;
				CLANG_ENABLE_MODULES = YES;
				CODE_SIGN_ENTITLEMENTS = Tinylog/Tinylog.entitlements;
				DEBUG_INFORMATION_FORMAT = "dwarf-with-dsym";
				ENABLE_BITCODE = NO;
				FRAMEWORK_SEARCH_PATHS = (
					"$(inherited)",
					"$(PROJECT_DIR)/Vendor/Crashlytics",
				);
				INFOPLIST_FILE = Tinylog/Info.plist;
				IPHONEOS_DEPLOYMENT_TARGET = 8.0;
				LD_RUNPATH_SEARCH_PATHS = "$(inherited) @executable_path/Frameworks";
				OTHER_LDFLAGS = (
					"$(inherited)",
					"-framework",
					"\"Bolts\"",
					"-framework",
					"\"FBSDKCoreKit\"",
					"-framework",
					"\"FBSDKLoginKit\"",
					"-framework",
					"\"FBSDKShareKit\"",
					"-framework",
					"\"Mixpanel\"",
					"-framework",
					"\"PureLayout\"",
					"-framework",
					"\"Reachability\"",
					"-framework",
					"\"SGBackgroundView\"",
					"-framework",
					"\"SGReachability\"",
					"-framework",
					"\"SVProgressHUD\"",
					"-framework",
					"\"TTTAttributedLabel\"",
					"-ObjC",
				);
				PRODUCT_BUNDLE_IDENTIFIER = com.spirosgerokostas.Tinylog;
				PRODUCT_NAME = "$(TARGET_NAME)";
				SWIFT_OBJC_BRIDGING_HEADER = "Tinylog/Headers/Tinylog-Bridging-Header.h";
				SWIFT_OPTIMIZATION_LEVEL = "-Onone";
				USER_HEADER_SEARCH_PATHS = "";
			};
			name = Debug;
		};
		564CE8BB1BD0E39C008C055C /* Release */ = {
			isa = XCBuildConfiguration;
			baseConfigurationReference = 23A0808EE7B649C91435C8E7 /* Pods-Tinylog.release.xcconfig */;
			buildSettings = {
				ALWAYS_SEARCH_USER_PATHS = NO;
				ASSETCATALOG_COMPILER_APPICON_NAME = AppIcon;
				ASSETCATALOG_COMPILER_LAUNCHIMAGE_NAME = LaunchImage;
				CLANG_ENABLE_MODULES = YES;
				CODE_SIGN_ENTITLEMENTS = Tinylog/Tinylog.entitlements;
				DEBUG_INFORMATION_FORMAT = "dwarf-with-dsym";
				ENABLE_BITCODE = NO;
				FRAMEWORK_SEARCH_PATHS = (
					"$(inherited)",
					"$(PROJECT_DIR)/Vendor/Crashlytics",
				);
				INFOPLIST_FILE = Tinylog/Info.plist;
				IPHONEOS_DEPLOYMENT_TARGET = 8.0;
				LD_RUNPATH_SEARCH_PATHS = "$(inherited) @executable_path/Frameworks";
				OTHER_LDFLAGS = (
					"$(inherited)",
					"-framework",
					"\"Bolts\"",
					"-framework",
					"\"FBSDKCoreKit\"",
					"-framework",
					"\"FBSDKLoginKit\"",
					"-framework",
					"\"FBSDKShareKit\"",
					"-framework",
					"\"Mixpanel\"",
					"-framework",
					"\"PureLayout\"",
					"-framework",
					"\"Reachability\"",
					"-framework",
					"\"SGBackgroundView\"",
					"-framework",
					"\"SGReachability\"",
					"-framework",
					"\"SVProgressHUD\"",
					"-framework",
					"\"TTTAttributedLabel\"",
					"-ObjC",
				);
				PRODUCT_BUNDLE_IDENTIFIER = com.spirosgerokostas.Tinylog;
				PRODUCT_NAME = "$(TARGET_NAME)";
				SWIFT_OBJC_BRIDGING_HEADER = "Tinylog/Headers/Tinylog-Bridging-Header.h";
				USER_HEADER_SEARCH_PATHS = "";
			};
			name = Release;
		};
		564CE8BD1BD0E39C008C055C /* Debug */ = {
			isa = XCBuildConfiguration;
			baseConfigurationReference = 5025D22A19B8119D39BB9C70 /* Pods-TinylogTests.debug.xcconfig */;
			buildSettings = {
				BUNDLE_LOADER = "$(TEST_HOST)";
				FRAMEWORK_SEARCH_PATHS = "";
				INFOPLIST_FILE = TinylogTests/Info.plist;
				LD_RUNPATH_SEARCH_PATHS = "$(inherited) @executable_path/Frameworks @loader_path/Frameworks";
				PRODUCT_BUNDLE_IDENTIFIER = com.spirosgerokostas.TinylogTests;
				PRODUCT_NAME = "$(TARGET_NAME)";
				SWIFT_OBJC_BRIDGING_HEADER = "Tinylog/Headers/Tinylog-Bridging-Header.h";
				TEST_HOST = "$(BUILT_PRODUCTS_DIR)/Tinylog.app/Tinylog";
			};
			name = Debug;
		};
		564CE8BE1BD0E39C008C055C /* Release */ = {
			isa = XCBuildConfiguration;
			baseConfigurationReference = 242F8901CEF3398A5561C510 /* Pods-TinylogTests.release.xcconfig */;
			buildSettings = {
				BUNDLE_LOADER = "$(TEST_HOST)";
				FRAMEWORK_SEARCH_PATHS = "";
				INFOPLIST_FILE = TinylogTests/Info.plist;
				LD_RUNPATH_SEARCH_PATHS = "$(inherited) @executable_path/Frameworks @loader_path/Frameworks";
				PRODUCT_BUNDLE_IDENTIFIER = com.spirosgerokostas.TinylogTests;
				PRODUCT_NAME = "$(TARGET_NAME)";
				SWIFT_OBJC_BRIDGING_HEADER = "Tinylog/Headers/Tinylog-Bridging-Header.h";
				TEST_HOST = "$(BUILT_PRODUCTS_DIR)/Tinylog.app/Tinylog";
			};
			name = Release;
		};
/* End XCBuildConfiguration section */

/* Begin XCConfigurationList section */
		564CE8971BD0E39B008C055C /* Build configuration list for PBXProject "Tinylog" */ = {
			isa = XCConfigurationList;
			buildConfigurations = (
				564CE8B71BD0E39C008C055C /* Debug */,
				564CE8B81BD0E39C008C055C /* Release */,
			);
			defaultConfigurationIsVisible = 0;
			defaultConfigurationName = Release;
		};
		564CE8B91BD0E39C008C055C /* Build configuration list for PBXNativeTarget "Tinylog" */ = {
			isa = XCConfigurationList;
			buildConfigurations = (
				564CE8BA1BD0E39C008C055C /* Debug */,
				564CE8BB1BD0E39C008C055C /* Release */,
			);
			defaultConfigurationIsVisible = 0;
			defaultConfigurationName = Release;
		};
		564CE8BC1BD0E39C008C055C /* Build configuration list for PBXNativeTarget "TinylogTests" */ = {
			isa = XCConfigurationList;
			buildConfigurations = (
				564CE8BD1BD0E39C008C055C /* Debug */,
				564CE8BE1BD0E39C008C055C /* Release */,
			);
			defaultConfigurationIsVisible = 0;
			defaultConfigurationName = Release;
		};
/* End XCConfigurationList section */

/* Begin XCVersionGroup section */
		56ED18E11BD12DB400672D86 /* Tinylog.xcdatamodeld */ = {
			isa = XCVersionGroup;
			children = (
				56ED18E21BD12DB400672D86 /* Tinylog 2.xcdatamodel */,
				56ED18E31BD12DB400672D86 /* Tinylog 3.xcdatamodel */,
				56ED18E41BD12DB400672D86 /* Tinylog 4.xcdatamodel */,
				56ED18E51BD12DB400672D86 /* Tinylog 5.xcdatamodel */,
				56ED18E61BD12DB400672D86 /* Tinylog 6.xcdatamodel */,
				56ED18E71BD12DB400672D86 /* Tinylog.xcdatamodel */,
			);
			currentVersion = 56ED18E61BD12DB400672D86 /* Tinylog 6.xcdatamodel */;
			path = Tinylog.xcdatamodeld;
			sourceTree = "<group>";
			versionGroupType = wrapper.xcdatamodel;
		};
/* End XCVersionGroup section */
	};
	rootObject = 564CE8941BD0E39B008C055C /* Project object */;
}
