PODS:
  - Bolts (1.3.0):
    - Bolts/AppLinks (= 1.3.0)
    - Bolts/Tasks (= 1.3.0)
  - Bolts/AppLinks (1.3.0):
    - Bolts/Tasks
  - Bolts/Tasks (1.3.0)
  - Crashlytics (3.3.4)
  - Ensembles (1.4.1):
    - Ensembles/Core (= 1.4.1)
  - Ensembles/Core (1.4.1)
  - Fabric (1.5.5):
    - Fabric/Base (= 1.5.5)
  - Fabric/Base (1.5.5)
  - FBSDKCoreKit (4.7.0):
    - Bolts (~> 1.1)
    - FBSDKCoreKit/arc (= 4.7.0)
    - FBSDKCoreKit/no-arc (= 4.7.0)
  - FBSDKCoreKit/arc (4.7.0):
    - Bolts (~> 1.1)
  - FBSDKCoreKit/no-arc (4.7.0):
    - Bolts (~> 1.1)
    - FBSDKCoreKit/arc
  - FBSDKLoginKit (4.7.0.1):
    - FBSDKCoreKit
  - FBSDKShareKit (4.7.0):
    - FBSDKCoreKit
  - Mixpanel (2.9.0):
    - Mixpanel/Mixpanel (= 2.9.0)
  - Mixpanel/Mixpanel (2.9.0)
  - Nimble (2.0.0)
  - PureLayout (3.0.1)
  - Quick (0.7.0)
  - Reachability (3.2)
  - SGBackgroundView (1.0)
  - SGReachability (1.0):
    - Reachability
  - SVProgressHUD (1.1.3)
  - TTTAttributedLabel (1.13.4)

DEPENDENCIES:
  - Crashlytics
  - Ensembles (~> 1.0)
  - Fabric
  - FBSDKCoreKit
  - FBSDKLoginKit
  - FBSDKShareKit
  - Mixpanel
  - Nimble
  - PureLayout
  - Quick
  - Reachability
  - SGBackgroundView
  - SGReachability
  - SVProgressHUD
  - TTTAttributedLabel

SPEC CHECKSUMS:
  Bolts: 805a4a87413e49d4a0c2b7d469084cbc46b09342
  Crashlytics: 41c082440d2e14da444186fff65e79c0b4b35d4c
  Ensembles: 90013c435ff874a7a9ccb7a334b74b93ac53dc12
  Fabric: 190bf1a6eb65f7500de1347d027d2e59a7e53db1
  FBSDKCoreKit: eb580bfc2040ad44f4c0b4f4d0befb1d35bce59c
  FBSDKLoginKit: 028c5a205990441123764609fe795e65027c447f
  FBSDKShareKit: 1f927bb05e4d36a99d5d5bf2f4b1ff294ce3e15c
  Mixpanel: 42ae6168effc48481d957f7883dd8514a398738d
  Nimble: 472e75466819eb8c06299233e87c694a9b51328a
  PureLayout: f35f5384c9c4e4479df041dbe33ad7577b71ddfb
  Quick: 906d8aa995ee0afa96f1f7f01170f40fccfa5898
  Reachability: 33e18b67625424e47b6cde6d202dce689ad7af96
  SGBackgroundView: f759ed9d0587512f1ba22b54c970e6e6b07c88d4
  SGReachability: abf9b7c6695750939268fb0e7197ea2d69536f22
  SVProgressHUD: 748080e4f36e603f6c02aec292664239df5279c1
  TTTAttributedLabel: 0a2ac7b2dd726d32a070dafb01446026b11e624f

COCOAPODS: 0.39.0
